// !$*UTF8*$!
{
	archiveVersion = 1;
	classes = {
	};
	objectVersion = 48;
	objects = {

/* Begin PBXBuildFile section */
		DDFD61BE204462C900722103 /* AppDelegate.swift in Sources */ = {isa = PBXBuildFile; fileRef = DDFD61BD204462C900722103 /* AppDelegate.swift */; };
		DDFD61C0204462C900722103 /* ViewController.swift in Sources */ = {isa = PBXBuildFile; fileRef = DDFD61BF204462C900722103 /* ViewController.swift */; };
		DDFD61C3204462C900722103 /* Main.storyboard in Resources */ = {isa = PBXBuildFile; fileRef = DDFD61C1204462C900722103 /* Main.storyboard */; };
		DDFD61C5204462C900722103 /* Assets.xcassets in Resources */ = {isa = PBXBuildFile; fileRef = DDFD61C4204462C900722103 /* Assets.xcassets */; };
		DDFD61C8204462C900722103 /* LaunchScreen.storyboard in Resources */ = {isa = PBXBuildFile; fileRef = DDFD61C6204462C900722103 /* LaunchScreen.storyboard */; };
		DDFD61D22044681200722103 /* MovieTableViewCell.swift in Sources */ = {isa = PBXBuildFile; fileRef = DDFD61D12044681200722103 /* MovieTableViewCell.swift */; };
		DDFD61D420446B9400722103 /* MoviesTableView.swift in Sources */ = {isa = PBXBuildFile; fileRef = DDFD61D320446B9400722103 /* MoviesTableView.swift */; };
		DDFD61D620446C8A00722103 /* Movie.swift in Sources */ = {isa = PBXBuildFile; fileRef = DDFD61D520446C8A00722103 /* Movie.swift */; };
		DDFD61D82044C8D400722103 /* MovieDetailsViewController.swift in Sources */ = {isa = PBXBuildFile; fileRef = DDFD61D72044C8D400722103 /* MovieDetailsViewController.swift */; };
		DDFD61DA2044D34100722103 /* MovieDetails.swift in Sources */ = {isa = PBXBuildFile; fileRef = DDFD61D92044D34100722103 /* MovieDetails.swift */; };
/* End PBXBuildFile section */

/* Begin PBXFileReference section */
		DDFD61BA204462C900722103 /* NewMovies.app */ = {isa = PBXFileReference; explicitFileType = wrapper.application; includeInIndex = 0; path = NewMovies.app; sourceTree = BUILT_PRODUCTS_DIR; };
		DDFD61BD204462C900722103 /* AppDelegate.swift */ = {isa = PBXFileReference; lastKnownFileType = sourcecode.swift; path = AppDelegate.swift; sourceTree = "<group>"; };
		DDFD61BF204462C900722103 /* ViewController.swift */ = {isa = PBXFileReference; lastKnownFileType = sourcecode.swift; path = ViewController.swift; sourceTree = "<group>"; };
		DDFD61C2204462C900722103 /* Base */ = {isa = PBXFileReference; lastKnownFileType = file.storyboard; name = Base; path = Base.lproj/Main.storyboard; sourceTree = "<group>"; };
		DDFD61C4204462C900722103 /* Assets.xcassets */ = {isa = PBXFileReference; lastKnownFileType = folder.assetcatalog; path = Assets.xcassets; sourceTree = "<group>"; };
		DDFD61C7204462C900722103 /* Base */ = {isa = PBXFileReference; lastKnownFileType = file.storyboard; name = Base; path = Base.lproj/LaunchScreen.storyboard; sourceTree = "<group>"; };
		DDFD61C9204462C900722103 /* Info.plist */ = {isa = PBXFileReference; lastKnownFileType = text.plist.xml; path = Info.plist; sourceTree = "<group>"; };
		DDFD61D12044681200722103 /* MovieTableViewCell.swift */ = {isa = PBXFileReference; lastKnownFileType = sourcecode.swift; path = MovieTableViewCell.swift; sourceTree = "<group>"; };
		DDFD61D320446B9400722103 /* MoviesTableView.swift */ = {isa = PBXFileReference; lastKnownFileType = sourcecode.swift; path = MoviesTableView.swift; sourceTree = "<group>"; };
		DDFD61D520446C8A00722103 /* Movie.swift */ = {isa = PBXFileReference; lastKnownFileType = sourcecode.swift; path = Movie.swift; sourceTree = "<group>"; };
		DDFD61D72044C8D400722103 /* MovieDetailsViewController.swift */ = {isa = PBXFileReference; lastKnownFileType = sourcecode.swift; path = MovieDetailsViewController.swift; sourceTree = "<group>"; };
		DDFD61D92044D34100722103 /* MovieDetails.swift */ = {isa = PBXFileReference; lastKnownFileType = sourcecode.swift; path = MovieDetails.swift; sourceTree = "<group>"; };
/* End PBXFileReference section */

/* Begin PBXFrameworksBuildPhase section */
		DDFD61B7204462C900722103 /* Frameworks */ = {
			isa = PBXFrameworksBuildPhase;
			buildActionMask = 2147483647;
			files = (
			);
			runOnlyForDeploymentPostprocessing = 0;
		};
/* End PBXFrameworksBuildPhase section */

/* Begin PBXGroup section */
		DDFD61B1204462C900722103 = {
			isa = PBXGroup;
			children = (
				DDFD61BC204462C900722103 /* NewMovies */,
				DDFD61BB204462C900722103 /* Products */,
			);
			sourceTree = "<group>";
		};
		DDFD61BB204462C900722103 /* Products */ = {
			isa = PBXGroup;
			children = (
				DDFD61BA204462C900722103 /* NewMovies.app */,
			);
			name = Products;
			sourceTree = "<group>";
		};
		DDFD61BC204462C900722103 /* NewMovies */ = {
			isa = PBXGroup;
			children = (
				DDFD61BD204462C900722103 /* AppDelegate.swift */,
				DDFD61BF204462C900722103 /* ViewController.swift */,
				DDFD61C1204462C900722103 /* Main.storyboard */,
				DDFD61D92044D34100722103 /* MovieDetails.swift */,
				DDFD61D72044C8D400722103 /* MovieDetailsViewController.swift */,
				DDFD61D520446C8A00722103 /* Movie.swift */,
				DDFD61D12044681200722103 /* MovieTableViewCell.swift */,
				DDFD61D320446B9400722103 /* MoviesTableView.swift */,
				DDFD61C4204462C900722103 /* Assets.xcassets */,
				DDFD61C6204462C900722103 /* LaunchScreen.storyboard */,
				DDFD61C9204462C900722103 /* Info.plist */,
			);
			path = NewMovies;
			sourceTree = "<group>";
		};
/* End PBXGroup section */

/* Begin PBXNativeTarget section */
		DDFD61B9204462C900722103 /* NewMovies */ = {
			isa = PBXNativeTarget;
			buildConfigurationList = DDFD61CC204462C900722103 /* Build configuration list for PBXNativeTarget "NewMovies" */;
			buildPhases = (
				DDFD61B6204462C900722103 /* Sources */,
				DDFD61B7204462C900722103 /* Frameworks */,
				DDFD61B8204462C900722103 /* Resources */,
			);
			buildRules = (
			);
			dependencies = (
			);
			name = NewMovies;
			productName = NewMovies;
			productReference = DDFD61BA204462C900722103 /* NewMovies.app */;
			productType = "com.apple.product-type.application";
		};
/* End PBXNativeTarget section */

/* Begin PBXProject section */
		DDFD61B2204462C900722103 /* Project object */ = {
			isa = PBXProject;
			attributes = {
				LastSwiftUpdateCheck = 0920;
				LastUpgradeCheck = 0920;
				ORGANIZATIONNAME = "Edo Ljubijankic";
				TargetAttributes = {
					DDFD61B9204462C900722103 = {
						CreatedOnToolsVersion = 9.2;
						ProvisioningStyle = Automatic;
					};
				};
			};
			buildConfigurationList = DDFD61B5204462C900722103 /* Build configuration list for PBXProject "NewMovies" */;
			compatibilityVersion = "Xcode 8.0";
			developmentRegion = en;
			hasScannedForEncodings = 0;
			knownRegions = (
				en,
				Base,
			);
			mainGroup = DDFD61B1204462C900722103;
			productRefGroup = DDFD61BB204462C900722103 /* Products */;
			projectDirPath = "";
			projectRoot = "";
			targets = (
				DDFD61B9204462C900722103 /* NewMovies */,
			);
		};
/* End PBXProject section */

/* Begin PBXResourcesBuildPhase section */
		DDFD61B8204462C900722103 /* Resources */ = {
			isa = PBXResourcesBuildPhase;
			buildActionMask = 2147483647;
			files = (
				DDFD61C8204462C900722103 /* LaunchScreen.storyboard in Resources */,
				DDFD61C5204462C900722103 /* Assets.xcassets in Resources */,
				DDFD61C3204462C900722103 /* Main.storyboard in Resources */,
			);
			runOnlyForDeploymentPostprocessing = 0;
		};
/* End PBXResourcesBuildPhase section */

/* Begin PBXSourcesBuildPhase section */
		DDFD61B6204462C900722103 /* Sources */ = {
			isa = PBXSourcesBuildPhase;
			buildActionMask = 2147483647;
			files = (
				DDFD61C0204462C900722103 /* ViewController.swift in Sources */,
				DDFD61DA2044D34100722103 /* MovieDetails.swift in Sources */,
				DDFD61D22044681200722103 /* MovieTableViewCell.swift in Sources */,
				DDFD61D82044C8D400722103 /* MovieDetailsViewController.swift in Sources */,
				DDFD61D420446B9400722103 /* MoviesTableView.swift in Sources */,
				DDFD61BE204462C900722103 /* AppDelegate.swift in Sources */,
				DDFD61D620446C8A00722103 /* Movie.swift in Sources */,
			);
			runOnlyForDeploymentPostprocessing = 0;
		};
/* End PBXSourcesBuildPhase section */

/* Begin PBXVariantGroup section */
		DDFD61C1204462C900722103 /* Main.storyboard */ = {
			isa = PBXVariantGroup;
			children = (
				DDFD61C2204462C900722103 /* Base */,
			);
			name = Main.storyboard;
			sourceTree = "<group>";
		};
		DDFD61C6204462C900722103 /* LaunchScreen.storyboard */ = {
			isa = PBXVariantGroup;
			children = (
				DDFD61C7204462C900722103 /* Base */,
			);
			name = LaunchScreen.storyboard;
			sourceTree = "<group>";
		};
/* End PBXVariantGroup section */

/* Begin XCBuildConfiguration section */
		DDFD61CA204462C900722103 /* Debug */ = {
			isa = XCBuildConfiguration;
			buildSettings = {
				ALWAYS_SEARCH_USER_PATHS = NO;
				CLANG_ANALYZER_NONNULL = YES;
				CLANG_ANALYZER_NUMBER_OBJECT_CONVERSION = YES_AGGRESSIVE;
				CLANG_CXX_LANGUAGE_STANDARD = "gnu++14";
				CLANG_CXX_LIBRARY = "libc++";
				CLANG_ENABLE_MODULES = YES;
				CLANG_ENABLE_OBJC_ARC = YES;
				CLANG_WARN_BLOCK_CAPTURE_AUTORELEASING = YES;
				CLANG_WARN_BOOL_CONVERSION = YES;
				CLANG_WARN_COMMA = YES;
				CLANG_WARN_CONSTANT_CONVERSION = YES;
				CLANG_WARN_DIRECT_OBJC_ISA_USAGE = YES_ERROR;
				CLANG_WARN_DOCUMENTATION_COMMENTS = YES;
				CLANG_WARN_EMPTY_BODY = YES;
				CLANG_WARN_ENUM_CONVERSION = YES;
				CLANG_WARN_INFINITE_RECURSION = YES;
				CLANG_WARN_INT_CONVERSION = YES;
				CLANG_WARN_NON_LITERAL_NULL_CONVERSION = YES;
				CLANG_WARN_OBJC_LITERAL_CONVERSION = YES;
				CLANG_WARN_OBJC_ROOT_CLASS = YES_ERROR;
				CLANG_WARN_RANGE_LOOP_ANALYSIS = YES;
				CLANG_WARN_STRICT_PROTOTYPES = YES;
				CLANG_WARN_SUSPICIOUS_MOVE = YES;
				CLANG_WARN_UNGUARDED_AVAILABILITY = YES_AGGRESSIVE;
				CLANG_WARN_UNREACHABLE_CODE = YES;
				CLANG_WARN__DUPLICATE_METHOD_MATCH = YES;
				CODE_SIGN_IDENTITY = "iPhone Developer";
				COPY_PHASE_STRIP = NO;
				DEBUG_INFORMATION_FORMAT = dwarf;
				ENABLE_STRICT_OBJC_MSGSEND = YES;
				ENABLE_TESTABILITY = YES;
				GCC_C_LANGUAGE_STANDARD = gnu11;
				GCC_DYNAMIC_NO_PIC = NO;
				GCC_NO_COMMON_BLOCKS = YES;
				GCC_OPTIMIZATION_LEVEL = 0;
				GCC_PREPROCESSOR_DEFINITIONS = (
					"DEBUG=1",
					"$(inherited)",
				);
				GCC_WARN_64_TO_32_BIT_CONVERSION = YES;
				GCC_WARN_ABOUT_RETURN_TYPE = YES_ERROR;
				GCC_WARN_UNDECLARED_SELECTOR = YES;
				GCC_WARN_UNINITIALIZED_AUTOS = YES_AGGRESSIVE;
				GCC_WARN_UNUSED_FUNCTION = YES;
				GCC_WARN_UNUSED_VARIABLE = YES;
				IPHONEOS_DEPLOYMENT_TARGET = 11.2;
				MTL_ENABLE_DEBUG_INFO = YES;
				ONLY_ACTIVE_ARCH = YES;
				SDKROOT = iphoneos;
				SWIFT_ACTIVE_COMPILATION_CONDITIONS = DEBUG;
				SWIFT_OPTIMIZATION_LEVEL = "-Onone";
			};
			name = Debug;
		};
		DDFD61CB204462C900722103 /* Release */ = {
			isa = XCBuildConfiguration;
			buildSettings = {
				ALWAYS_SEARCH_USER_PATHS = NO;
				CLANG_ANALYZER_NONNULL = YES;
				CLANG_ANALYZER_NUMBER_OBJECT_CONVERSION = YES_AGGRESSIVE;
				CLANG_CXX_LANGUAGE_STANDARD = "gnu++14";
				CLANG_CXX_LIBRARY = "libc++";
				CLANG_ENABLE_MODULES = YES;
				CLANG_ENABLE_OBJC_ARC = YES;
				CLANG_WARN_BLOCK_CAPTURE_AUTORELEASING = YES;
				CLANG_WARN_BOOL_CONVERSION = YES;
				CLANG_WARN_COMMA = YES;
				CLANG_WARN_CONSTANT_CONVERSION = YES;
				CLANG_WARN_DIRECT_OBJC_ISA_USAGE = YES_ERROR;
				CLANG_WARN_DOCUMENTATION_COMMENTS = YES;
				CLANG_WARN_EMPTY_BODY = YES;
				CLANG_WARN_ENUM_CONVERSION = YES;
				CLANG_WARN_INFINITE_RECURSION = YES;
				CLANG_WARN_INT_CONVERSION = YES;
				CLANG_WARN_NON_LITERAL_NULL_CONVERSION = YES;
				CLANG_WARN_OBJC_LITERAL_CONVERSION = YES;
				CLANG_WARN_OBJC_ROOT_CLASS = YES_ERROR;
				CLANG_WARN_RANGE_LOOP_ANALYSIS = YES;
				CLANG_WARN_STRICT_PROTOTYPES = YES;
				CLANG_WARN_SUSPICIOUS_MOVE = YES;
				CLANG_WARN_UNGUARDED_AVAILABILITY = YES_AGGRESSIVE;
				CLANG_WARN_UNREACHABLE_CODE = YES;
				CLANG_WARN__DUPLICATE_METHOD_MATCH = YES;
				CODE_SIGN_IDENTITY = "iPhone Developer";
				COPY_PHASE_STRIP = NO;
				DEBUG_INFORMATION_FORMAT = "dwarf-with-dsym";
				ENABLE_NS_ASSERTIONS = NO;
				ENABLE_STRICT_OBJC_MSGSEND = YES;
				GCC_C_LANGUAGE_STANDARD = gnu11;
				GCC_NO_COMMON_BLOCKS = YES;
				GCC_WARN_64_TO_32_BIT_CONVERSION = YES;
				GCC_WARN_ABOUT_RETURN_TYPE = YES_ERROR;
				GCC_WARN_UNDECLARED_SELECTOR = YES;
				GCC_WARN_UNINITIALIZED_AUTOS = YES_AGGRESSIVE;
				GCC_WARN_UNUSED_FUNCTION = YES;
				GCC_WARN_UNUSED_VARIABLE = YES;
				IPHONEOS_DEPLOYMENT_TARGET = 11.2;
				MTL_ENABLE_DEBUG_INFO = NO;
				SDKROOT = iphoneos;
				SWIFT_OPTIMIZATION_LEVEL = "-Owholemodule";
				VALIDATE_PRODUCT = YES;
			};
			name = Release;
		};
		DDFD61CD204462C900722103 /* Debug */ = {
			isa = XCBuildConfiguration;
			buildSettings = {
				ASSETCATALOG_COMPILER_APPICON_NAME = AppIcon;
				CODE_SIGN_STYLE = Automatic;
				DEVELOPMENT_TEAM = KG2PSXB656;
				INFOPLIST_FILE = NewMovies/Info.plist;
				IPHONEOS_DEPLOYMENT_TARGET = 11.0;
				LD_RUNPATH_SEARCH_PATHS = "$(inherited) @executable_path/Frameworks";
				PRODUCT_BUNDLE_IDENTIFIER = com.example.NewMovies;
				PRODUCT_NAME = "$(TARGET_NAME)";
				SWIFT_VERSION = 4.0;
				TARGETED_DEVICE_FAMILY = "1,2";
			};
			name = Debug;
		};
		DDFD61CE204462C900722103 /* Release */ = {
			isa = XCBuildConfiguration;
			buildSettings = {
				ASSETCATALOG_COMPILER_APPICON_NAME = AppIcon;
				CODE_SIGN_STYLE = Automatic;
				DEVELOPMENT_TEAM = KG2PSXB656;
				INFOPLIST_FILE = NewMovies/Info.plist;
				IPHONEOS_DEPLOYMENT_TARGET = 11.0;
				LD_RUNPATH_SEARCH_PATHS = "$(inherited) @executable_path/Frameworks";
				PRODUCT_BUNDLE_IDENTIFIER = com.example.NewMovies;
				PRODUCT_NAME = "$(TARGET_NAME)";
				SWIFT_VERSION = 4.0;
				TARGETED_DEVICE_FAMILY = "1,2";
			};
			name = Release;
		};
/* End XCBuildConfiguration section */

/* Begin XCConfigurationList section */
		DDFD61B5204462C900722103 /* Build configuration list for PBXProject "NewMovies" */ = {
			isa = XCConfigurationList;
			buildConfigurations = (
				DDFD61CA204462C900722103 /* Debug */,
				DDFD61CB204462C900722103 /* Release */,
			);
			defaultConfigurationIsVisible = 0;
			defaultConfigurationName = Release;
		};
		DDFD61CC204462C900722103 /* Build configuration list for PBXNativeTarget "NewMovies" */ = {
			isa = XCConfigurationList;
			buildConfigurations = (
				DDFD61CD204462C900722103 /* Debug */,
				DDFD61CE204462C900722103 /* Release */,
			);
			defaultConfigurationIsVisible = 0;
			defaultConfigurationName = Release;
		};
/* End XCConfigurationList section */
	};
	rootObject = DDFD61B2204462C900722103 /* Project object */;
}
