// !$*UTF8*$!
{
	archiveVersion = 1;
	classes = {
	};
	objectVersion = 48;
	objects = {

/* Begin PBXBuildFile section */
		5C2799C82337F3A1003068C5 /* MovieModelTests.swift in Sources */ = {isa = PBXBuildFile; fileRef = 5C2799C72337F3A1003068C5 /* MovieModelTests.swift */; };
		5C2799CA2337F4ED003068C5 /* MovieDetailsModelTests.swift in Sources */ = {isa = PBXBuildFile; fileRef = 5C2799C92337F4ED003068C5 /* MovieDetailsModelTests.swift */; };
		5C2799CC2337F610003068C5 /* MoviesTableViewTests.swift in Sources */ = {isa = PBXBuildFile; fileRef = 5C2799CB2337F610003068C5 /* MoviesTableViewTests.swift */; };
		5C2799CE233803F8003068C5 /* MovieTableViewCellTests.swift in Sources */ = {isa = PBXBuildFile; fileRef = 5C2799CD233803F8003068C5 /* MovieTableViewCellTests.swift */; };
		5C881D232427E4BD0064BA18 /* Localizable.strings in Resources */ = {isa = PBXBuildFile; fileRef = 5C881D252427E4BD0064BA18 /* Localizable.strings */; };
		5C881D2A2427F42F0064BA18 /* String+Extra.swift in Sources */ = {isa = PBXBuildFile; fileRef = 5C881D292427F42F0064BA18 /* String+Extra.swift */; };
		5CE7F5E52343C5E7002B8A31 /* MainViewControllerTests.swift in Sources */ = {isa = PBXBuildFile; fileRef = 5CE7F5E42343C5E7002B8A31 /* MainViewControllerTests.swift */; };
		5CE7F5E72343D121002B8A31 /* MovieDetailsViewControllerTests.swift in Sources */ = {isa = PBXBuildFile; fileRef = 5CE7F5E62343D121002B8A31 /* MovieDetailsViewControllerTests.swift */; };
		5CE7F5E92343D59C002B8A31 /* VideoViewControllerTests.swift in Sources */ = {isa = PBXBuildFile; fileRef = 5CE7F5E82343D59C002B8A31 /* VideoViewControllerTests.swift */; };
		5CEAFFE22427FF98006A345E /* TextUnderImageButton.swift in Sources */ = {isa = PBXBuildFile; fileRef = 5CEAFFE12427FF98006A345E /* TextUnderImageButton.swift */; };
		DD89754E205D992900695C12 /* VideoViewController.swift in Sources */ = {isa = PBXBuildFile; fileRef = DD89754D205D992900695C12 /* VideoViewController.swift */; };
		DDD75A372267AAE100086769 /* Main.storyboard in Resources */ = {isa = PBXBuildFile; fileRef = DDD75A362267AAE100086769 /* Main.storyboard */; };
		DDD75A3A2267B14100086769 /* WebKit.framework in Frameworks */ = {isa = PBXBuildFile; fileRef = DDD75A392267B14100086769 /* WebKit.framework */; };
		DDEADAF722DB711800147EF6 /* MovieTableViewCell.xib in Resources */ = {isa = PBXBuildFile; fileRef = DDEADAF622DB711800147EF6 /* MovieTableViewCell.xib */; };
		DDFD61BE204462C900722103 /* AppDelegate.swift in Sources */ = {isa = PBXBuildFile; fileRef = DDFD61BD204462C900722103 /* AppDelegate.swift */; };
		DDFD61C0204462C900722103 /* MainViewController.swift in Sources */ = {isa = PBXBuildFile; fileRef = DDFD61BF204462C900722103 /* MainViewController.swift */; };
		DDFD61C5204462C900722103 /* Assets.xcassets in Resources */ = {isa = PBXBuildFile; fileRef = DDFD61C4204462C900722103 /* Assets.xcassets */; };
		DDFD61C8204462C900722103 /* LaunchScreen.storyboard in Resources */ = {isa = PBXBuildFile; fileRef = DDFD61C6204462C900722103 /* LaunchScreen.storyboard */; };
		DDFD61D22044681200722103 /* MovieTableViewCell.swift in Sources */ = {isa = PBXBuildFile; fileRef = DDFD61D12044681200722103 /* MovieTableViewCell.swift */; };
		DDFD61D420446B9400722103 /* MoviesTableView.swift in Sources */ = {isa = PBXBuildFile; fileRef = DDFD61D320446B9400722103 /* MoviesTableView.swift */; };
		DDFD61D620446C8A00722103 /* MovieModel.swift in Sources */ = {isa = PBXBuildFile; fileRef = DDFD61D520446C8A00722103 /* MovieModel.swift */; };
		DDFD61D82044C8D400722103 /* MovieDetailsViewController.swift in Sources */ = {isa = PBXBuildFile; fileRef = DDFD61D72044C8D400722103 /* MovieDetailsViewController.swift */; };
		DDFD61DA2044D34100722103 /* MovieDetailsModel.swift in Sources */ = {isa = PBXBuildFile; fileRef = DDFD61D92044D34100722103 /* MovieDetailsModel.swift */; };
/* End PBXBuildFile section */

/* Begin PBXContainerItemProxy section */
		5C2799C22337F1E7003068C5 /* PBXContainerItemProxy */ = {
			isa = PBXContainerItemProxy;
			containerPortal = DDFD61B2204462C900722103 /* Project object */;
			proxyType = 1;
			remoteGlobalIDString = DDFD61B9204462C900722103;
			remoteInfo = NewMovies;
		};
/* End PBXContainerItemProxy section */

/* Begin PBXFileReference section */
		5C2799BD2337F1E7003068C5 /* NewMoviesTests.xctest */ = {isa = PBXFileReference; explicitFileType = wrapper.cfbundle; includeInIndex = 0; path = NewMoviesTests.xctest; sourceTree = BUILT_PRODUCTS_DIR; };
		5C2799C12337F1E7003068C5 /* Info.plist */ = {isa = PBXFileReference; lastKnownFileType = text.plist.xml; path = Info.plist; sourceTree = "<group>"; };
		5C2799C72337F3A1003068C5 /* MovieModelTests.swift */ = {isa = PBXFileReference; lastKnownFileType = sourcecode.swift; path = MovieModelTests.swift; sourceTree = "<group>"; };
		5C2799C92337F4ED003068C5 /* MovieDetailsModelTests.swift */ = {isa = PBXFileReference; lastKnownFileType = sourcecode.swift; path = MovieDetailsModelTests.swift; sourceTree = "<group>"; };
		5C2799CB2337F610003068C5 /* MoviesTableViewTests.swift */ = {isa = PBXFileReference; lastKnownFileType = sourcecode.swift; path = MoviesTableViewTests.swift; sourceTree = "<group>"; };
		5C2799CD233803F8003068C5 /* MovieTableViewCellTests.swift */ = {isa = PBXFileReference; lastKnownFileType = sourcecode.swift; path = MovieTableViewCellTests.swift; sourceTree = "<group>"; };
		5C881D242427E4BD0064BA18 /* en */ = {isa = PBXFileReference; lastKnownFileType = text.plist.strings; name = en; path = en.lproj/Localizable.strings; sourceTree = "<group>"; };
		5C881D262427E4E00064BA18 /* sl */ = {isa = PBXFileReference; lastKnownFileType = text.plist.strings; name = sl; path = sl.lproj/Localizable.strings; sourceTree = "<group>"; };
		5C881D292427F42F0064BA18 /* String+Extra.swift */ = {isa = PBXFileReference; lastKnownFileType = sourcecode.swift; path = "String+Extra.swift"; sourceTree = "<group>"; };
		5CE7F5E42343C5E7002B8A31 /* MainViewControllerTests.swift */ = {isa = PBXFileReference; lastKnownFileType = sourcecode.swift; path = MainViewControllerTests.swift; sourceTree = "<group>"; };
		5CE7F5E62343D121002B8A31 /* MovieDetailsViewControllerTests.swift */ = {isa = PBXFileReference; lastKnownFileType = sourcecode.swift; path = MovieDetailsViewControllerTests.swift; sourceTree = "<group>"; };
		5CE7F5E82343D59C002B8A31 /* VideoViewControllerTests.swift */ = {isa = PBXFileReference; lastKnownFileType = sourcecode.swift; path = VideoViewControllerTests.swift; sourceTree = "<group>"; };
		5CEAFFE12427FF98006A345E /* TextUnderImageButton.swift */ = {isa = PBXFileReference; lastKnownFileType = sourcecode.swift; path = TextUnderImageButton.swift; sourceTree = "<group>"; };
		DD89754D205D992900695C12 /* VideoViewController.swift */ = {isa = PBXFileReference; lastKnownFileType = sourcecode.swift; path = VideoViewController.swift; sourceTree = "<group>"; };
		DDD75A362267AAE100086769 /* Main.storyboard */ = {isa = PBXFileReference; fileEncoding = 4; lastKnownFileType = file.storyboard; path = Main.storyboard; sourceTree = "<group>"; };
		DDD75A392267B14100086769 /* WebKit.framework */ = {isa = PBXFileReference; lastKnownFileType = wrapper.framework; name = WebKit.framework; path = System/Library/Frameworks/WebKit.framework; sourceTree = SDKROOT; };
		DDEADAF622DB711800147EF6 /* MovieTableViewCell.xib */ = {isa = PBXFileReference; lastKnownFileType = file.xib; path = MovieTableViewCell.xib; sourceTree = "<group>"; };
		DDFD61BA204462C900722103 /* NewMovies.app */ = {isa = PBXFileReference; explicitFileType = wrapper.application; includeInIndex = 0; path = NewMovies.app; sourceTree = BUILT_PRODUCTS_DIR; };
		DDFD61BD204462C900722103 /* AppDelegate.swift */ = {isa = PBXFileReference; lastKnownFileType = sourcecode.swift; path = AppDelegate.swift; sourceTree = "<group>"; };
		DDFD61BF204462C900722103 /* MainViewController.swift */ = {isa = PBXFileReference; lastKnownFileType = sourcecode.swift; path = MainViewController.swift; sourceTree = "<group>"; };
		DDFD61C4204462C900722103 /* Assets.xcassets */ = {isa = PBXFileReference; lastKnownFileType = folder.assetcatalog; path = Assets.xcassets; sourceTree = "<group>"; };
		DDFD61C7204462C900722103 /* Base */ = {isa = PBXFileReference; lastKnownFileType = file.storyboard; name = Base; path = Base.lproj/LaunchScreen.storyboard; sourceTree = "<group>"; };
		DDFD61C9204462C900722103 /* Info.plist */ = {isa = PBXFileReference; lastKnownFileType = text.plist.xml; path = Info.plist; sourceTree = "<group>"; };
		DDFD61D12044681200722103 /* MovieTableViewCell.swift */ = {isa = PBXFileReference; lastKnownFileType = sourcecode.swift; path = MovieTableViewCell.swift; sourceTree = "<group>"; };
		DDFD61D320446B9400722103 /* MoviesTableView.swift */ = {isa = PBXFileReference; lastKnownFileType = sourcecode.swift; path = MoviesTableView.swift; sourceTree = "<group>"; };
		DDFD61D520446C8A00722103 /* MovieModel.swift */ = {isa = PBXFileReference; lastKnownFileType = sourcecode.swift; path = MovieModel.swift; sourceTree = "<group>"; };
		DDFD61D72044C8D400722103 /* MovieDetailsViewController.swift */ = {isa = PBXFileReference; lastKnownFileType = sourcecode.swift; path = MovieDetailsViewController.swift; sourceTree = "<group>"; };
		DDFD61D92044D34100722103 /* MovieDetailsModel.swift */ = {isa = PBXFileReference; lastKnownFileType = sourcecode.swift; path = MovieDetailsModel.swift; sourceTree = "<group>"; };
/* End PBXFileReference section */

/* Begin PBXFrameworksBuildPhase section */
		5C2799BA2337F1E7003068C5 /* Frameworks */ = {
			isa = PBXFrameworksBuildPhase;
			buildActionMask = 2147483647;
			files = (
			);
			runOnlyForDeploymentPostprocessing = 0;
		};
		DDFD61B7204462C900722103 /* Frameworks */ = {
			isa = PBXFrameworksBuildPhase;
			buildActionMask = 2147483647;
			files = (
				DDD75A3A2267B14100086769 /* WebKit.framework in Frameworks */,
			);
			runOnlyForDeploymentPostprocessing = 0;
		};
/* End PBXFrameworksBuildPhase section */

/* Begin PBXGroup section */
		5C2799BE2337F1E7003068C5 /* NewMoviesTests */ = {
			isa = PBXGroup;
			children = (
				5C2799C12337F1E7003068C5 /* Info.plist */,
				5C2799C72337F3A1003068C5 /* MovieModelTests.swift */,
				5C2799C92337F4ED003068C5 /* MovieDetailsModelTests.swift */,
				5C2799CB2337F610003068C5 /* MoviesTableViewTests.swift */,
				5C2799CD233803F8003068C5 /* MovieTableViewCellTests.swift */,
				5CE7F5E42343C5E7002B8A31 /* MainViewControllerTests.swift */,
				5CE7F5E62343D121002B8A31 /* MovieDetailsViewControllerTests.swift */,
				5CE7F5E82343D59C002B8A31 /* VideoViewControllerTests.swift */,
			);
			path = NewMoviesTests;
			sourceTree = "<group>";
		};
		5C881D202427E49A0064BA18 /* Localization */ = {
			isa = PBXGroup;
			children = (
				5C881D252427E4BD0064BA18 /* Localizable.strings */,
			);
			path = Localization;
			sourceTree = "<group>";
		};
		DDD75A382267B14100086769 /* Frameworks */ = {
			isa = PBXGroup;
			children = (
				DDD75A392267B14100086769 /* WebKit.framework */,
			);
			name = Frameworks;
			sourceTree = "<group>";
		};
		DDFD61B1204462C900722103 = {
			isa = PBXGroup;
			children = (
				DDFD61BC204462C900722103 /* NewMovies */,
				5C2799BE2337F1E7003068C5 /* NewMoviesTests */,
				DDFD61BB204462C900722103 /* Products */,
				5C881D202427E49A0064BA18 /* Localization */,
				DDD75A382267B14100086769 /* Frameworks */,
			);
			sourceTree = "<group>";
		};
		DDFD61BB204462C900722103 /* Products */ = {
			isa = PBXGroup;
			children = (
				DDFD61BA204462C900722103 /* NewMovies.app */,
				5C2799BD2337F1E7003068C5 /* NewMoviesTests.xctest */,
			);
			name = Products;
			sourceTree = "<group>";
		};
		DDFD61BC204462C900722103 /* NewMovies */ = {
			isa = PBXGroup;
			children = (
				DDFD61BD204462C900722103 /* AppDelegate.swift */,
				DDFD61BF204462C900722103 /* MainViewController.swift */,
				DD89754D205D992900695C12 /* VideoViewController.swift */,
				DDD75A362267AAE100086769 /* Main.storyboard */,
				DDFD61D72044C8D400722103 /* MovieDetailsViewController.swift */,
				DDFD61D92044D34100722103 /* MovieDetailsModel.swift */,
				DDFD61D520446C8A00722103 /* MovieModel.swift */,
				DDFD61D320446B9400722103 /* MoviesTableView.swift */,
				DDEADAF622DB711800147EF6 /* MovieTableViewCell.xib */,
				DDFD61D12044681200722103 /* MovieTableViewCell.swift */,
				DDFD61C4204462C900722103 /* Assets.xcassets */,
				DDFD61C6204462C900722103 /* LaunchScreen.storyboard */,
				DDFD61C9204462C900722103 /* Info.plist */,
				5CEAFFE12427FF98006A345E /* TextUnderImageButton.swift */,
				5C881D292427F42F0064BA18 /* String+Extra.swift */,
			);
			path = NewMovies;
			sourceTree = "<group>";
		};
/* End PBXGroup section */

/* Begin PBXNativeTarget section */
		5C2799BC2337F1E7003068C5 /* NewMoviesTests */ = {
			isa = PBXNativeTarget;
			buildConfigurationList = 5C2799C62337F1E7003068C5 /* Build configuration list for PBXNativeTarget "NewMoviesTests" */;
			buildPhases = (
				5C2799B92337F1E7003068C5 /* Sources */,
				5C2799BA2337F1E7003068C5 /* Frameworks */,
				5C2799BB2337F1E7003068C5 /* Resources */,
			);
			buildRules = (
			);
			dependencies = (
				5C2799C32337F1E7003068C5 /* PBXTargetDependency */,
			);
			name = NewMoviesTests;
			productName = NewMoviesTests;
			productReference = 5C2799BD2337F1E7003068C5 /* NewMoviesTests.xctest */;
			productType = "com.apple.product-type.bundle.unit-test";
		};
		DDFD61B9204462C900722103 /* NewMovies */ = {
			isa = PBXNativeTarget;
			buildConfigurationList = DDFD61CC204462C900722103 /* Build configuration list for PBXNativeTarget "NewMovies" */;
			buildPhases = (
				DDFD61B6204462C900722103 /* Sources */,
				DDFD61B7204462C900722103 /* Frameworks */,
				DDFD61B8204462C900722103 /* Resources */,
			);
			buildRules = (
			);
			dependencies = (
			);
			name = NewMovies;
			productName = NewMovies;
			productReference = DDFD61BA204462C900722103 /* NewMovies.app */;
			productType = "com.apple.product-type.application";
		};
/* End PBXNativeTarget section */

/* Begin PBXProject section */
		DDFD61B2204462C900722103 /* Project object */ = {
			isa = PBXProject;
			attributes = {
				LastSwiftUpdateCheck = 1100;
				LastUpgradeCheck = 0930;
				ORGANIZATIONNAME = "Edo Ljubijankic";
				TargetAttributes = {
					5C2799BC2337F1E7003068C5 = {
						CreatedOnToolsVersion = 11.0;
						ProvisioningStyle = Automatic;
						TestTargetID = DDFD61B9204462C900722103;
					};
					DDFD61B9204462C900722103 = {
						CreatedOnToolsVersion = 9.2;
						LastSwiftMigration = 1020;
						ProvisioningStyle = Automatic;
					};
				};
			};
			buildConfigurationList = DDFD61B5204462C900722103 /* Build configuration list for PBXProject "NewMovies" */;
			compatibilityVersion = "Xcode 8.0";
			developmentRegion = en;
			hasScannedForEncodings = 0;
			knownRegions = (
				en,
				Base,
				sl,
			);
			mainGroup = DDFD61B1204462C900722103;
			productRefGroup = DDFD61BB204462C900722103 /* Products */;
			projectDirPath = "";
			projectRoot = "";
			targets = (
				DDFD61B9204462C900722103 /* NewMovies */,
				5C2799BC2337F1E7003068C5 /* NewMoviesTests */,
			);
		};
/* End PBXProject section */

/* Begin PBXResourcesBuildPhase section */
		5C2799BB2337F1E7003068C5 /* Resources */ = {
			isa = PBXResourcesBuildPhase;
			buildActionMask = 2147483647;
			files = (
			);
			runOnlyForDeploymentPostprocessing = 0;
		};
		DDFD61B8204462C900722103 /* Resources */ = {
			isa = PBXResourcesBuildPhase;
			buildActionMask = 2147483647;
			files = (
				5C881D232427E4BD0064BA18 /* Localizable.strings in Resources */,
				DDD75A372267AAE100086769 /* Main.storyboard in Resources */,
				DDFD61C8204462C900722103 /* LaunchScreen.storyboard in Resources */,
				DDEADAF722DB711800147EF6 /* MovieTableViewCell.xib in Resources */,
				DDFD61C5204462C900722103 /* Assets.xcassets in Resources */,
			);
			runOnlyForDeploymentPostprocessing = 0;
		};
/* End PBXResourcesBuildPhase section */

/* Begin PBXSourcesBuildPhase section */
		5C2799B92337F1E7003068C5 /* Sources */ = {
			isa = PBXSourcesBuildPhase;
			buildActionMask = 2147483647;
			files = (
				5C2799CA2337F4ED003068C5 /* MovieDetailsModelTests.swift in Sources */,
				5CE7F5E92343D59C002B8A31 /* VideoViewControllerTests.swift in Sources */,
				5C2799C82337F3A1003068C5 /* MovieModelTests.swift in Sources */,
				5C2799CE233803F8003068C5 /* MovieTableViewCellTests.swift in Sources */,
				5C2799CC2337F610003068C5 /* MoviesTableViewTests.swift in Sources */,
				5CE7F5E72343D121002B8A31 /* MovieDetailsViewControllerTests.swift in Sources */,
				5CE7F5E52343C5E7002B8A31 /* MainViewControllerTests.swift in Sources */,
			);
			runOnlyForDeploymentPostprocessing = 0;
		};
		DDFD61B6204462C900722103 /* Sources */ = {
			isa = PBXSourcesBuildPhase;
			buildActionMask = 2147483647;
			files = (
				DDFD61C0204462C900722103 /* MainViewController.swift in Sources */,
				DDFD61DA2044D34100722103 /* MovieDetailsModel.swift in Sources */,
				DD89754E205D992900695C12 /* VideoViewController.swift in Sources */,
				5C881D2A2427F42F0064BA18 /* String+Extra.swift in Sources */,
				DDFD61D22044681200722103 /* MovieTableViewCell.swift in Sources */,
				DDFD61D82044C8D400722103 /* MovieDetailsViewController.swift in Sources */,
				DDFD61D420446B9400722103 /* MoviesTableView.swift in Sources */,
				5CEAFFE22427FF98006A345E /* TextUnderImageButton.swift in Sources */,
				DDFD61BE204462C900722103 /* AppDelegate.swift in Sources */,
				DDFD61D620446C8A00722103 /* MovieModel.swift in Sources */,
			);
			runOnlyForDeploymentPostprocessing = 0;
		};
/* End PBXSourcesBuildPhase section */

/* Begin PBXTargetDependency section */
		5C2799C32337F1E7003068C5 /* PBXTargetDependency */ = {
			isa = PBXTargetDependency;
			target = DDFD61B9204462C900722103 /* NewMovies */;
			targetProxy = 5C2799C22337F1E7003068C5 /* PBXContainerItemProxy */;
		};
/* End PBXTargetDependency section */

/* Begin PBXVariantGroup section */
		5C881D252427E4BD0064BA18 /* Localizable.strings */ = {
			isa = PBXVariantGroup;
			children = (
				5C881D242427E4BD0064BA18 /* en */,
				5C881D262427E4E00064BA18 /* sl */,
			);
			name = Localizable.strings;
			sourceTree = "<group>";
		};
		DDFD61C6204462C900722103 /* LaunchScreen.storyboard */ = {
			isa = PBXVariantGroup;
			children = (
				DDFD61C7204462C900722103 /* Base */,
			);
			name = LaunchScreen.storyboard;
			sourceTree = "<group>";
		};
/* End PBXVariantGroup section */

/* Begin XCBuildConfiguration section */
		5C2799C42337F1E7003068C5 /* Debug */ = {
			isa = XCBuildConfiguration;
			buildSettings = {
				BUNDLE_LOADER = "$(TEST_HOST)";
				CLANG_ENABLE_OBJC_WEAK = YES;
				CODE_SIGN_STYLE = Automatic;
				DEVELOPMENT_TEAM = KG2PSXB656;
				INFOPLIST_FILE = NewMoviesTests/Info.plist;
				IPHONEOS_DEPLOYMENT_TARGET = 13.0;
				LD_RUNPATH_SEARCH_PATHS = "$(inherited) @executable_path/Frameworks @loader_path/Frameworks";
				MTL_ENABLE_DEBUG_INFO = INCLUDE_SOURCE;
				MTL_FAST_MATH = YES;
				PRODUCT_BUNDLE_IDENTIFIER = com.example.NewMoviesTests.NewMoviesTests;
				PRODUCT_NAME = "$(TARGET_NAME)";
				SWIFT_VERSION = 5.0;
				TARGETED_DEVICE_FAMILY = "1,2";
				TEST_HOST = "$(BUILT_PRODUCTS_DIR)/NewMovies.app/NewMovies";
			};
			name = Debug;
		};
		5C2799C52337F1E7003068C5 /* Release */ = {
			isa = XCBuildConfiguration;
			buildSettings = {
				BUNDLE_LOADER = "$(TEST_HOST)";
				CLANG_ENABLE_OBJC_WEAK = YES;
				CODE_SIGN_STYLE = Automatic;
				DEVELOPMENT_TEAM = KG2PSXB656;
				INFOPLIST_FILE = NewMoviesTests/Info.plist;
				IPHONEOS_DEPLOYMENT_TARGET = 13.0;
				LD_RUNPATH_SEARCH_PATHS = "$(inherited) @executable_path/Frameworks @loader_path/Frameworks";
				MTL_FAST_MATH = YES;
				PRODUCT_BUNDLE_IDENTIFIER = com.example.NewMoviesTests.NewMoviesTests;
				PRODUCT_NAME = "$(TARGET_NAME)";
				SWIFT_VERSION = 5.0;
				TARGETED_DEVICE_FAMILY = "1,2";
				TEST_HOST = "$(BUILT_PRODUCTS_DIR)/NewMovies.app/NewMovies";
			};
			name = Release;
		};
		DDFD61CA204462C900722103 /* Debug */ = {
			isa = XCBuildConfiguration;
			buildSettings = {
				ALWAYS_SEARCH_USER_PATHS = NO;
				CLANG_ANALYZER_LOCALIZABILITY_NONLOCALIZED = YES;
				CLANG_ANALYZER_NONNULL = YES;
				CLANG_ANALYZER_NUMBER_OBJECT_CONVERSION = YES_AGGRESSIVE;
				CLANG_CXX_LANGUAGE_STANDARD = "gnu++14";
				CLANG_CXX_LIBRARY = "libc++";
				CLANG_ENABLE_MODULES = YES;
				CLANG_ENABLE_OBJC_ARC = YES;
				CLANG_WARN_BLOCK_CAPTURE_AUTORELEASING = YES;
				CLANG_WARN_BOOL_CONVERSION = YES;
				CLANG_WARN_COMMA = YES;
				CLANG_WARN_CONSTANT_CONVERSION = YES;
				CLANG_WARN_DEPRECATED_OBJC_IMPLEMENTATIONS = YES;
				CLANG_WARN_DIRECT_OBJC_ISA_USAGE = YES_ERROR;
				CLANG_WARN_DOCUMENTATION_COMMENTS = YES;
				CLANG_WARN_EMPTY_BODY = YES;
				CLANG_WARN_ENUM_CONVERSION = YES;
				CLANG_WARN_INFINITE_RECURSION = YES;
				CLANG_WARN_INT_CONVERSION = YES;
				CLANG_WARN_NON_LITERAL_NULL_CONVERSION = YES;
				CLANG_WARN_OBJC_IMPLICIT_RETAIN_SELF = YES;
				CLANG_WARN_OBJC_LITERAL_CONVERSION = YES;
				CLANG_WARN_OBJC_ROOT_CLASS = YES_ERROR;
				CLANG_WARN_RANGE_LOOP_ANALYSIS = YES;
				CLANG_WARN_STRICT_PROTOTYPES = YES;
				CLANG_WARN_SUSPICIOUS_MOVE = YES;
				CLANG_WARN_UNGUARDED_AVAILABILITY = YES_AGGRESSIVE;
				CLANG_WARN_UNREACHABLE_CODE = YES;
				CLANG_WARN__DUPLICATE_METHOD_MATCH = YES;
				CODE_SIGN_IDENTITY = "iPhone Developer";
				COPY_PHASE_STRIP = NO;
				DEBUG_INFORMATION_FORMAT = dwarf;
				ENABLE_STRICT_OBJC_MSGSEND = YES;
				ENABLE_TESTABILITY = YES;
				GCC_C_LANGUAGE_STANDARD = gnu11;
				GCC_DYNAMIC_NO_PIC = NO;
				GCC_NO_COMMON_BLOCKS = YES;
				GCC_OPTIMIZATION_LEVEL = 0;
				GCC_PREPROCESSOR_DEFINITIONS = (
					"DEBUG=1",
					"$(inherited)",
				);
				GCC_WARN_64_TO_32_BIT_CONVERSION = YES;
				GCC_WARN_ABOUT_RETURN_TYPE = YES_ERROR;
				GCC_WARN_UNDECLARED_SELECTOR = YES;
				GCC_WARN_UNINITIALIZED_AUTOS = YES_AGGRESSIVE;
				GCC_WARN_UNUSED_FUNCTION = YES;
				GCC_WARN_UNUSED_VARIABLE = YES;
				IPHONEOS_DEPLOYMENT_TARGET = 13.2;
				MTL_ENABLE_DEBUG_INFO = YES;
				ONLY_ACTIVE_ARCH = YES;
				SDKROOT = iphoneos;
				SWIFT_ACTIVE_COMPILATION_CONDITIONS = DEBUG;
				SWIFT_OPTIMIZATION_LEVEL = "-Onone";
			};
			name = Debug;
		};
		DDFD61CB204462C900722103 /* Release */ = {
			isa = XCBuildConfiguration;
			buildSettings = {
				ALWAYS_SEARCH_USER_PATHS = NO;
				CLANG_ANALYZER_LOCALIZABILITY_NONLOCALIZED = YES;
				CLANG_ANALYZER_NONNULL = YES;
				CLANG_ANALYZER_NUMBER_OBJECT_CONVERSION = YES_AGGRESSIVE;
				CLANG_CXX_LANGUAGE_STANDARD = "gnu++14";
				CLANG_CXX_LIBRARY = "libc++";
				CLANG_ENABLE_MODULES = YES;
				CLANG_ENABLE_OBJC_ARC = YES;
				CLANG_WARN_BLOCK_CAPTURE_AUTORELEASING = YES;
				CLANG_WARN_BOOL_CONVERSION = YES;
				CLANG_WARN_COMMA = YES;
				CLANG_WARN_CONSTANT_CONVERSION = YES;
				CLANG_WARN_DEPRECATED_OBJC_IMPLEMENTATIONS = YES;
				CLANG_WARN_DIRECT_OBJC_ISA_USAGE = YES_ERROR;
				CLANG_WARN_DOCUMENTATION_COMMENTS = YES;
				CLANG_WARN_EMPTY_BODY = YES;
				CLANG_WARN_ENUM_CONVERSION = YES;
				CLANG_WARN_INFINITE_RECURSION = YES;
				CLANG_WARN_INT_CONVERSION = YES;
				CLANG_WARN_NON_LITERAL_NULL_CONVERSION = YES;
				CLANG_WARN_OBJC_IMPLICIT_RETAIN_SELF = YES;
				CLANG_WARN_OBJC_LITERAL_CONVERSION = YES;
				CLANG_WARN_OBJC_ROOT_CLASS = YES_ERROR;
				CLANG_WARN_RANGE_LOOP_ANALYSIS = YES;
				CLANG_WARN_STRICT_PROTOTYPES = YES;
				CLANG_WARN_SUSPICIOUS_MOVE = YES;
				CLANG_WARN_UNGUARDED_AVAILABILITY = YES_AGGRESSIVE;
				CLANG_WARN_UNREACHABLE_CODE = YES;
				CLANG_WARN__DUPLICATE_METHOD_MATCH = YES;
				CODE_SIGN_IDENTITY = "iPhone Developer";
				COPY_PHASE_STRIP = NO;
				DEBUG_INFORMATION_FORMAT = "dwarf-with-dsym";
				ENABLE_NS_ASSERTIONS = NO;
				ENABLE_STRICT_OBJC_MSGSEND = YES;
				GCC_C_LANGUAGE_STANDARD = gnu11;
				GCC_NO_COMMON_BLOCKS = YES;
				GCC_WARN_64_TO_32_BIT_CONVERSION = YES;
				GCC_WARN_ABOUT_RETURN_TYPE = YES_ERROR;
				GCC_WARN_UNDECLARED_SELECTOR = YES;
				GCC_WARN_UNINITIALIZED_AUTOS = YES_AGGRESSIVE;
				GCC_WARN_UNUSED_FUNCTION = YES;
				GCC_WARN_UNUSED_VARIABLE = YES;
				IPHONEOS_DEPLOYMENT_TARGET = 13.2;
				MTL_ENABLE_DEBUG_INFO = NO;
				SDKROOT = iphoneos;
				SWIFT_OPTIMIZATION_LEVEL = "-Owholemodule";
				VALIDATE_PRODUCT = YES;
			};
			name = Release;
		};
		DDFD61CD204462C900722103 /* Debug */ = {
			isa = XCBuildConfiguration;
			buildSettings = {
				ASSETCATALOG_COMPILER_APPICON_NAME = AppIcon;
				CODE_SIGN_STYLE = Automatic;
				DEVELOPMENT_TEAM = KG2PSXB656;
				INFOPLIST_FILE = NewMovies/Info.plist;
				IPHONEOS_DEPLOYMENT_TARGET = 11.0;
				LD_RUNPATH_SEARCH_PATHS = "$(inherited) @executable_path/Frameworks";
				PRODUCT_BUNDLE_IDENTIFIER = com.example.NewMovies;
				PRODUCT_NAME = "$(TARGET_NAME)";
				SWIFT_VERSION = 5.0;
				TARGETED_DEVICE_FAMILY = 1;
			};
			name = Debug;
		};
		DDFD61CE204462C900722103 /* Release */ = {
			isa = XCBuildConfiguration;
			buildSettings = {
				ASSETCATALOG_COMPILER_APPICON_NAME = AppIcon;
				CODE_SIGN_STYLE = Automatic;
				DEVELOPMENT_TEAM = KG2PSXB656;
				INFOPLIST_FILE = NewMovies/Info.plist;
				IPHONEOS_DEPLOYMENT_TARGET = 11.0;
				LD_RUNPATH_SEARCH_PATHS = "$(inherited) @executable_path/Frameworks";
				PRODUCT_BUNDLE_IDENTIFIER = com.example.NewMovies;
				PRODUCT_NAME = "$(TARGET_NAME)";
				SWIFT_VERSION = 5.0;
				TARGETED_DEVICE_FAMILY = 1;
			};
			name = Release;
		};
/* End XCBuildConfiguration section */

/* Begin XCConfigurationList section */
		5C2799C62337F1E7003068C5 /* Build configuration list for PBXNativeTarget "NewMoviesTests" */ = {
			isa = XCConfigurationList;
			buildConfigurations = (
				5C2799C42337F1E7003068C5 /* Debug */,
				5C2799C52337F1E7003068C5 /* Release */,
			);
			defaultConfigurationIsVisible = 0;
			defaultConfigurationName = Release;
		};
		DDFD61B5204462C900722103 /* Build configuration list for PBXProject "NewMovies" */ = {
			isa = XCConfigurationList;
			buildConfigurations = (
				DDFD61CA204462C900722103 /* Debug */,
				DDFD61CB204462C900722103 /* Release */,
			);
			defaultConfigurationIsVisible = 0;
			defaultConfigurationName = Release;
		};
		DDFD61CC204462C900722103 /* Build configuration list for PBXNativeTarget "NewMovies" */ = {
			isa = XCConfigurationList;
			buildConfigurations = (
				DDFD61CD204462C900722103 /* Debug */,
				DDFD61CE204462C900722103 /* Release */,
			);
			defaultConfigurationIsVisible = 0;
			defaultConfigurationName = Release;
		};
/* End XCConfigurationList section */
	};
	rootObject = DDFD61B2204462C900722103 /* Project object */;
}
